PODS:
  - Alamofire (4.9.1)
  - zywl-AntSDK (0.0.1):
    - Alamofire

DEPENDENCIES:
  - zywl-AntSDK (from `../`)

SPEC REPOS:
  trunk:
    - Alamofire

EXTERNAL SOURCES:
  zywl-AntSDK:
    :path: "../"

SPEC CHECKSUMS:
  Alamofire: 85e8a02c69d6020a0d734f6054870d7ecb75cf18
  zywl-AntSDK: a5d97590574ff67659b4398b7c1e31eb408f5f90

PODFILE CHECKSUM: 4a4251660a2da85b230dc6affcd7abb15d442b96

COCOAPODS: 1.11.3
